
Microsoft Visual Studio Solution File, Format Version 12.00
# Visual Studio 2013
VisualStudioVersion = 12.0.31101.0
MinimumVisualStudioVersion = 10.0.40219.1
Project("{FAE04EC0-301F-11D3-BF4B-00C04F79EFBC}") = "Bundler.BusinessLogic", "BusinessLogic\Bundler.BusinessLogic.csproj", "{4D31D9E9-7B13-4661-B844-E6B3171534A6}"
EndProject
Project("{FAE04EC0-301F-11D3-BF4B-00C04F79EFBC}") = "Bundler.UnitTests", "Bundler.UnitTests\Bundler.UnitTests.csproj", "{C7A33EB9-2799-43B9-8C64-6264144A8F26}"
EndProject
Project("{FAE04EC0-301F-11D3-BF4B-00C04F79EFBC}") = "Bundler", "Bundler\Bundler.csproj", "{3219FC44-8328-4B33-AD08-3C922AF04086}"
EndProject
Project("{FAE04EC0-301F-11D3-BF4B-00C04F79EFBC}") = "Bundler.Repository", "Bundler.Repository\Bundler.Repository.csproj", "{B31B6F07-D302-406B-91F1-2E427413FA6C}"
EndProject
Global
	GlobalSection(SolutionConfigurationPlatforms) = preSolution
		Debug|Any CPU = Debug|Any CPU
		Release|Any CPU = Release|Any CPU
	EndGlobalSection
	GlobalSection(ProjectConfigurationPlatforms) = postSolution
		{4D31D9E9-7B13-4661-B844-E6B3171534A6}.Debug|Any CPU.ActiveCfg = Debug|Any CPU
		{4D31D9E9-7B13-4661-B844-E6B3171534A6}.Debug|Any CPU.Build.0 = Debug|Any CPU
		{4D31D9E9-7B13-4661-B844-E6B3171534A6}.Release|Any CPU.ActiveCfg = Release|Any CPU
		{4D31D9E9-7B13-4661-B844-E6B3171534A6}.Release|Any CPU.Build.0 = Release|Any CPU
		{C7A33EB9-2799-43B9-8C64-6264144A8F26}.Debug|Any CPU.ActiveCfg = Debug|Any CPU
		{C7A33EB9-2799-43B9-8C64-6264144A8F26}.Debug|Any CPU.Build.0 = Debug|Any CPU
		{C7A33EB9-2799-43B9-8C64-6264144A8F26}.Release|Any CPU.ActiveCfg = Release|Any CPU
		{C7A33EB9-2799-43B9-8C64-6264144A8F26}.Release|Any CPU.Build.0 = Release|Any CPU
		{3219FC44-8328-4B33-AD08-3C922AF04086}.Debug|Any CPU.ActiveCfg = Debug|Any CPU
		{3219FC44-8328-4B33-AD08-3C922AF04086}.Debug|Any CPU.Build.0 = Debug|Any CPU
		{3219FC44-8328-4B33-AD08-3C922AF04086}.Release|Any CPU.ActiveCfg = Release|Any CPU
		{3219FC44-8328-4B33-AD08-3C922AF04086}.Release|Any CPU.Build.0 = Release|Any CPU
		{B31B6F07-D302-406B-91F1-2E427413FA6C}.Debug|Any CPU.ActiveCfg = Debug|Any CPU
		{B31B6F07-D302-406B-91F1-2E427413FA6C}.Debug|Any CPU.Build.0 = Debug|Any CPU
		{B31B6F07-D302-406B-91F1-2E427413FA6C}.Release|Any CPU.ActiveCfg = Release|Any CPU
		{B31B6F07-D302-406B-91F1-2E427413FA6C}.Release|Any CPU.Build.0 = Release|Any CPU
	EndGlobalSection
	GlobalSection(SolutionProperties) = preSolution
		HideSolutionNode = FALSE
	EndGlobalSection
EndGlobal
